
Microsoft Visual Studio Solution File, Format Version 12.00
# Visual Studio Version 16
VisualStudioVersion = 16.0.33214.272
MinimumVisualStudioVersion = 10.0.40219.1
Project("{FAE04EC0-301F-11D3-BF4B-00C04F79EFBC}") = "MaquinaDeLanches", "MaquinaDeLanches\MaquinaDeLanches.csproj", "{DB0C398B-A277-4444-80CC-38C044C3AABF}"
EndProject
Global
	GlobalSection(SolutionConfigurationPlatforms) = preSolution
		Debug|Any CPU = Debug|Any CPU
		Release|Any CPU = Release|Any CPU
	EndGlobalSection
	GlobalSection(ProjectConfigurationPlatforms) = postSolution
		{DB0C398B-A277-4444-80CC-38C044C3AABF}.Debug|Any CPU.ActiveCfg = Debug|Any CPU
		{DB0C398B-A277-4444-80CC-38C044C3AABF}.Debug|Any CPU.Build.0 = Debug|Any CPU
		{DB0C398B-A277-4444-80CC-38C044C3AABF}.Release|Any CPU.ActiveCfg = Release|Any CPU
		{DB0C398B-A277-4444-80CC-38C044C3AABF}.Release|Any CPU.Build.0 = Release|Any CPU
	EndGlobalSection
	GlobalSection(SolutionProperties) = preSolution
		HideSolutionNode = FALSE
	EndGlobalSection
	GlobalSection(ExtensibilityGlobals) = postSolution
		SolutionGuid = {9A2D624A-4821-4209-96CF-DEED9265CF76}
	EndGlobalSection
EndGlobal
